// !$*UTF8*$!
{
	archiveVersion = 1;
	classes = {
	};
	objectVersion = 50;
	objects = {

/* Begin PBXBuildFile section */
		3334EAF427A9AC8A006F6CA5 /* Cards.json in Resources */ = {isa = PBXBuildFile; fileRef = 3334EAF327A9AC8A006F6CA5 /* Cards.json */; };
		335EF07A27A3136C0035A467 /* AppDelegate.swift in Sources */ = {isa = PBXBuildFile; fileRef = 335EF07927A3136C0035A467 /* AppDelegate.swift */; };
		335EF07C27A3136C0035A467 /* SceneDelegate.swift in Sources */ = {isa = PBXBuildFile; fileRef = 335EF07B27A3136C0035A467 /* SceneDelegate.swift */; };
		335EF07E27A3136C0035A467 /* ViewController.swift in Sources */ = {isa = PBXBuildFile; fileRef = 335EF07D27A3136C0035A467 /* ViewController.swift */; };
		335EF08127A3136C0035A467 /* Main.storyboard in Resources */ = {isa = PBXBuildFile; fileRef = 335EF07F27A3136C0035A467 /* Main.storyboard */; };
		335EF08327A3136D0035A467 /* Assets.xcassets in Resources */ = {isa = PBXBuildFile; fileRef = 335EF08227A3136D0035A467 /* Assets.xcassets */; };
		335EF08627A3136D0035A467 /* LaunchScreen.storyboard in Resources */ = {isa = PBXBuildFile; fileRef = 335EF08427A3136D0035A467 /* LaunchScreen.storyboard */; };
		335EF08E27A315760035A467 /* UserStoryboard.storyboard in Resources */ = {isa = PBXBuildFile; fileRef = 335EF08D27A315760035A467 /* UserStoryboard.storyboard */; };
		335EF09A27A3197E0035A467 /* DaniStoryboard.storyboard in Resources */ = {isa = PBXBuildFile; fileRef = 335EF09927A3197E0035A467 /* DaniStoryboard.storyboard */; };
		335EF09C27A3198F0035A467 /* TonyStoryboard.storyboard in Resources */ = {isa = PBXBuildFile; fileRef = 335EF09B27A3198F0035A467 /* TonyStoryboard.storyboard */; };
		335EF09E27A319980035A467 /* CesarStoryboard.storyboard in Resources */ = {isa = PBXBuildFile; fileRef = 335EF09D27A319980035A467 /* CesarStoryboard.storyboard */; };
		337DB94C27A46F1100AAD2D3 /* HomeViewController.swift in Sources */ = {isa = PBXBuildFile; fileRef = 337DB94827A46F1000AAD2D3 /* HomeViewController.swift */; };
		337DB94D27A46F1100AAD2D3 /* RegisterViewController.swift in Sources */ = {isa = PBXBuildFile; fileRef = 337DB94927A46F1000AAD2D3 /* RegisterViewController.swift */; };
		337DB94E27A46F1100AAD2D3 /* SearchViewController.swift in Sources */ = {isa = PBXBuildFile; fileRef = 337DB94A27A46F1000AAD2D3 /* SearchViewController.swift */; };
		337DB94F27A46F1100AAD2D3 /* LoginViewController.swift in Sources */ = {isa = PBXBuildFile; fileRef = 337DB94B27A46F1000AAD2D3 /* LoginViewController.swift */; };
<<<<<<< HEAD
		337DB95127A474C100AAD2D3 /* User.storyboard in Resources */ = {isa = PBXBuildFile; fileRef = 337DB95027A474C100AAD2D3 /* User.storyboard */; };
		33ED2DCD27AADD7000F480ED /* ModeloCarta.swift in Sources */ = {isa = PBXBuildFile; fileRef = 33ED2DCC27AADD7000F480ED /* ModeloCarta.swift */; };
		33ED2DCF27AADE2C00F480ED /* Carta.swift in Sources */ = {isa = PBXBuildFile; fileRef = 33ED2DCE27AADE2C00F480ED /* Carta.swift */; };
		33ED2DD227AAE06B00F480ED /* MockData.swift in Sources */ = {isa = PBXBuildFile; fileRef = 33ED2DD127AAE06B00F480ED /* MockData.swift */; };
		33ED2DD427AAE1FF00F480ED /* CardCell.swift in Sources */ = {isa = PBXBuildFile; fileRef = 33ED2DD327AAE1FF00F480ED /* CardCell.swift */; };
		33ED2DD627AAE54800F480ED /* PerfilViewController.swift in Sources */ = {isa = PBXBuildFile; fileRef = 33ED2DD527AAE54800F480ED /* PerfilViewController.swift */; };
=======
		33B281F827A47CEC00AEB55C /* CartaCell.swift in Sources */ = {isa = PBXBuildFile; fileRef = 33B281F727A47CEC00AEB55C /* CartaCell.swift */; };
>>>>>>> main
/* End PBXBuildFile section */

/* Begin PBXFileReference section */
		3334EAF327A9AC8A006F6CA5 /* Cards.json */ = {isa = PBXFileReference; fileEncoding = 4; lastKnownFileType = text.json; path = Cards.json; sourceTree = "<group>"; };
		335EF07627A3136B0035A467 /* CardAppProyect.app */ = {isa = PBXFileReference; explicitFileType = wrapper.application; includeInIndex = 0; path = CardAppProyect.app; sourceTree = BUILT_PRODUCTS_DIR; };
		335EF07927A3136C0035A467 /* AppDelegate.swift */ = {isa = PBXFileReference; lastKnownFileType = sourcecode.swift; path = AppDelegate.swift; sourceTree = "<group>"; };
		335EF07B27A3136C0035A467 /* SceneDelegate.swift */ = {isa = PBXFileReference; lastKnownFileType = sourcecode.swift; path = SceneDelegate.swift; sourceTree = "<group>"; };
		335EF07D27A3136C0035A467 /* ViewController.swift */ = {isa = PBXFileReference; lastKnownFileType = sourcecode.swift; path = ViewController.swift; sourceTree = "<group>"; };
		335EF08027A3136C0035A467 /* Base */ = {isa = PBXFileReference; lastKnownFileType = file.storyboard; name = Base; path = Base.lproj/Main.storyboard; sourceTree = "<group>"; };
		335EF08227A3136D0035A467 /* Assets.xcassets */ = {isa = PBXFileReference; lastKnownFileType = folder.assetcatalog; path = Assets.xcassets; sourceTree = "<group>"; };
		335EF08527A3136D0035A467 /* Base */ = {isa = PBXFileReference; lastKnownFileType = file.storyboard; name = Base; path = Base.lproj/LaunchScreen.storyboard; sourceTree = "<group>"; };
		335EF08727A3136D0035A467 /* Info.plist */ = {isa = PBXFileReference; lastKnownFileType = text.plist.xml; path = Info.plist; sourceTree = "<group>"; };
		335EF08D27A315760035A467 /* UserStoryboard.storyboard */ = {isa = PBXFileReference; lastKnownFileType = file.storyboard; path = UserStoryboard.storyboard; sourceTree = "<group>"; };
		335EF09927A3197E0035A467 /* DaniStoryboard.storyboard */ = {isa = PBXFileReference; lastKnownFileType = file.storyboard; path = DaniStoryboard.storyboard; sourceTree = "<group>"; };
		335EF09B27A3198F0035A467 /* TonyStoryboard.storyboard */ = {isa = PBXFileReference; lastKnownFileType = file.storyboard; path = TonyStoryboard.storyboard; sourceTree = "<group>"; };
		335EF09D27A319980035A467 /* CesarStoryboard.storyboard */ = {isa = PBXFileReference; lastKnownFileType = file.storyboard; path = CesarStoryboard.storyboard; sourceTree = "<group>"; };
		337DB94827A46F1000AAD2D3 /* HomeViewController.swift */ = {isa = PBXFileReference; fileEncoding = 4; lastKnownFileType = sourcecode.swift; path = HomeViewController.swift; sourceTree = "<group>"; };
		337DB94927A46F1000AAD2D3 /* RegisterViewController.swift */ = {isa = PBXFileReference; fileEncoding = 4; lastKnownFileType = sourcecode.swift; path = RegisterViewController.swift; sourceTree = "<group>"; };
		337DB94A27A46F1000AAD2D3 /* SearchViewController.swift */ = {isa = PBXFileReference; fileEncoding = 4; lastKnownFileType = sourcecode.swift; path = SearchViewController.swift; sourceTree = "<group>"; };
		337DB94B27A46F1000AAD2D3 /* LoginViewController.swift */ = {isa = PBXFileReference; fileEncoding = 4; lastKnownFileType = sourcecode.swift; path = LoginViewController.swift; sourceTree = "<group>"; };
<<<<<<< HEAD
		337DB95027A474C100AAD2D3 /* User.storyboard */ = {isa = PBXFileReference; fileEncoding = 4; lastKnownFileType = file.storyboard; path = User.storyboard; sourceTree = "<group>"; };
		33ED2DCC27AADD7000F480ED /* ModeloCarta.swift */ = {isa = PBXFileReference; lastKnownFileType = sourcecode.swift; path = ModeloCarta.swift; sourceTree = "<group>"; };
		33ED2DCE27AADE2C00F480ED /* Carta.swift */ = {isa = PBXFileReference; lastKnownFileType = sourcecode.swift; path = Carta.swift; sourceTree = "<group>"; };
		33ED2DD127AAE06B00F480ED /* MockData.swift */ = {isa = PBXFileReference; lastKnownFileType = sourcecode.swift; path = MockData.swift; sourceTree = "<group>"; };
		33ED2DD327AAE1FF00F480ED /* CardCell.swift */ = {isa = PBXFileReference; lastKnownFileType = sourcecode.swift; path = CardCell.swift; sourceTree = "<group>"; };
		33ED2DD527AAE54800F480ED /* PerfilViewController.swift */ = {isa = PBXFileReference; lastKnownFileType = sourcecode.swift; path = PerfilViewController.swift; sourceTree = "<group>"; };
=======
		33B281F727A47CEC00AEB55C /* CartaCell.swift */ = {isa = PBXFileReference; lastKnownFileType = sourcecode.swift; path = CartaCell.swift; sourceTree = "<group>"; };
>>>>>>> main
/* End PBXFileReference section */

/* Begin PBXFrameworksBuildPhase section */
		335EF07327A3136B0035A467 /* Frameworks */ = {
			isa = PBXFrameworksBuildPhase;
			buildActionMask = 2147483647;
			files = (
			);
			runOnlyForDeploymentPostprocessing = 0;
		};
/* End PBXFrameworksBuildPhase section */

/* Begin PBXGroup section */
		335EF06D27A3136B0035A467 = {
			isa = PBXGroup;
			children = (
				335EF07827A3136B0035A467 /* CardAppProyect */,
				335EF07727A3136B0035A467 /* Products */,
			);
			sourceTree = "<group>";
		};
		335EF07727A3136B0035A467 /* Products */ = {
			isa = PBXGroup;
			children = (
				335EF07627A3136B0035A467 /* CardAppProyect.app */,
			);
			name = Products;
			sourceTree = "<group>";
		};
		335EF07827A3136B0035A467 /* CardAppProyect */ = {
			isa = PBXGroup;
			children = (
<<<<<<< HEAD
				33ED2DD027AADE4F00F480ED /* New Group */,
				337DB94827A46F1000AAD2D3 /* HomeViewController.swift */,
				33ED2DD527AAE54800F480ED /* PerfilViewController.swift */,
				337DB94B27A46F1000AAD2D3 /* LoginViewController.swift */,
				337DB94927A46F1000AAD2D3 /* RegisterViewController.swift */,
				337DB94A27A46F1000AAD2D3 /* SearchViewController.swift */,
=======
				33B281F627A47A9C00AEB55C /* controllers */,
				33B281F527A47A9500AEB55C /* cells */,
				33B281F427A47A8E00AEB55C /* layouts */,
>>>>>>> main
				335EF07927A3136C0035A467 /* AppDelegate.swift */,
				335EF07B27A3136C0035A467 /* SceneDelegate.swift */,
				335EF07D27A3136C0035A467 /* ViewController.swift */,
<<<<<<< HEAD
				335EF07F27A3136C0035A467 /* Main.storyboard */,
				337DB95027A474C100AAD2D3 /* User.storyboard */,
				335EF08D27A315760035A467 /* UserStoryboard.storyboard */,
				3334EAF327A9AC8A006F6CA5 /* Cards.json */,
				33ED2DD327AAE1FF00F480ED /* CardCell.swift */,
=======
>>>>>>> main
				335EF08227A3136D0035A467 /* Assets.xcassets */,
				335EF08427A3136D0035A467 /* LaunchScreen.storyboard */,
				335EF08727A3136D0035A467 /* Info.plist */,
			);
			path = CardAppProyect;
			sourceTree = "<group>";
		};
<<<<<<< HEAD
		33ED2DD027AADE4F00F480ED /* New Group */ = {
			isa = PBXGroup;
			children = (
				33ED2DD127AAE06B00F480ED /* MockData.swift */,
				33ED2DCE27AADE2C00F480ED /* Carta.swift */,
				33ED2DCC27AADD7000F480ED /* ModeloCarta.swift */,
			);
			path = "New Group";
=======
		33B281F427A47A8E00AEB55C /* layouts */ = {
			isa = PBXGroup;
			children = (
				335EF09927A3197E0035A467 /* DaniStoryboard.storyboard */,
				335EF09B27A3198F0035A467 /* TonyStoryboard.storyboard */,
				335EF09D27A319980035A467 /* CesarStoryboard.storyboard */,
				335EF07F27A3136C0035A467 /* Main.storyboard */,
				335EF08D27A315760035A467 /* UserStoryboard.storyboard */,
			);
			path = layouts;
			sourceTree = "<group>";
		};
		33B281F527A47A9500AEB55C /* cells */ = {
			isa = PBXGroup;
			children = (
				33B281F727A47CEC00AEB55C /* CartaCell.swift */,
			);
			path = cells;
			sourceTree = "<group>";
		};
		33B281F627A47A9C00AEB55C /* controllers */ = {
			isa = PBXGroup;
			children = (
				337DB94827A46F1000AAD2D3 /* HomeViewController.swift */,
				337DB94B27A46F1000AAD2D3 /* LoginViewController.swift */,
				337DB94927A46F1000AAD2D3 /* RegisterViewController.swift */,
				337DB94A27A46F1000AAD2D3 /* SearchViewController.swift */,
			);
			path = controllers;
>>>>>>> main
			sourceTree = "<group>";
		};
/* End PBXGroup section */

/* Begin PBXNativeTarget section */
		335EF07527A3136B0035A467 /* CardAppProyect */ = {
			isa = PBXNativeTarget;
			buildConfigurationList = 335EF08A27A3136D0035A467 /* Build configuration list for PBXNativeTarget "CardAppProyect" */;
			buildPhases = (
				335EF07227A3136B0035A467 /* Sources */,
				335EF07327A3136B0035A467 /* Frameworks */,
				335EF07427A3136B0035A467 /* Resources */,
			);
			buildRules = (
			);
			dependencies = (
			);
			name = CardAppProyect;
			productName = CardAppProyect;
			productReference = 335EF07627A3136B0035A467 /* CardAppProyect.app */;
			productType = "com.apple.product-type.application";
		};
/* End PBXNativeTarget section */

/* Begin PBXProject section */
		335EF06E27A3136B0035A467 /* Project object */ = {
			isa = PBXProject;
			attributes = {
				LastSwiftUpdateCheck = 1250;
				LastUpgradeCheck = 1250;
				TargetAttributes = {
					335EF07527A3136B0035A467 = {
						CreatedOnToolsVersion = 12.5.1;
					};
				};
			};
			buildConfigurationList = 335EF07127A3136B0035A467 /* Build configuration list for PBXProject "CardAppProyect" */;
			compatibilityVersion = "Xcode 9.3";
			developmentRegion = en;
			hasScannedForEncodings = 0;
			knownRegions = (
				en,
				Base,
			);
			mainGroup = 335EF06D27A3136B0035A467;
			productRefGroup = 335EF07727A3136B0035A467 /* Products */;
			projectDirPath = "";
			projectRoot = "";
			targets = (
				335EF07527A3136B0035A467 /* CardAppProyect */,
			);
		};
/* End PBXProject section */

/* Begin PBXResourcesBuildPhase section */
		335EF07427A3136B0035A467 /* Resources */ = {
			isa = PBXResourcesBuildPhase;
			buildActionMask = 2147483647;
			files = (
				335EF09E27A319980035A467 /* CesarStoryboard.storyboard in Resources */,
				335EF09C27A3198F0035A467 /* TonyStoryboard.storyboard in Resources */,
				335EF08E27A315760035A467 /* UserStoryboard.storyboard in Resources */,
				335EF09A27A3197E0035A467 /* DaniStoryboard.storyboard in Resources */,
				335EF08627A3136D0035A467 /* LaunchScreen.storyboard in Resources */,
				337DB95127A474C100AAD2D3 /* User.storyboard in Resources */,
				335EF08327A3136D0035A467 /* Assets.xcassets in Resources */,
				335EF08127A3136C0035A467 /* Main.storyboard in Resources */,
				3334EAF427A9AC8A006F6CA5 /* Cards.json in Resources */,
			);
			runOnlyForDeploymentPostprocessing = 0;
		};
/* End PBXResourcesBuildPhase section */

/* Begin PBXSourcesBuildPhase section */
		335EF07227A3136B0035A467 /* Sources */ = {
			isa = PBXSourcesBuildPhase;
			buildActionMask = 2147483647;
			files = (
				337DB94F27A46F1100AAD2D3 /* LoginViewController.swift in Sources */,
				337DB94E27A46F1100AAD2D3 /* SearchViewController.swift in Sources */,
				335EF07E27A3136C0035A467 /* ViewController.swift in Sources */,
				337DB94D27A46F1100AAD2D3 /* RegisterViewController.swift in Sources */,
				335EF07A27A3136C0035A467 /* AppDelegate.swift in Sources */,
				33B281F827A47CEC00AEB55C /* CartaCell.swift in Sources */,
				335EF07C27A3136C0035A467 /* SceneDelegate.swift in Sources */,
				33ED2DD627AAE54800F480ED /* PerfilViewController.swift in Sources */,
				337DB94C27A46F1100AAD2D3 /* HomeViewController.swift in Sources */,
				33ED2DD427AAE1FF00F480ED /* CardCell.swift in Sources */,
				33ED2DCF27AADE2C00F480ED /* Carta.swift in Sources */,
				33ED2DCD27AADD7000F480ED /* ModeloCarta.swift in Sources */,
				33ED2DD227AAE06B00F480ED /* MockData.swift in Sources */,
			);
			runOnlyForDeploymentPostprocessing = 0;
		};
/* End PBXSourcesBuildPhase section */

/* Begin PBXVariantGroup section */
		335EF07F27A3136C0035A467 /* Main.storyboard */ = {
			isa = PBXVariantGroup;
			children = (
				335EF08027A3136C0035A467 /* Base */,
			);
			name = Main.storyboard;
			sourceTree = "<group>";
		};
		335EF08427A3136D0035A467 /* LaunchScreen.storyboard */ = {
			isa = PBXVariantGroup;
			children = (
				335EF08527A3136D0035A467 /* Base */,
			);
			name = LaunchScreen.storyboard;
			sourceTree = "<group>";
		};
/* End PBXVariantGroup section */

/* Begin XCBuildConfiguration section */
		335EF08827A3136D0035A467 /* Debug */ = {
			isa = XCBuildConfiguration;
			buildSettings = {
				ALWAYS_SEARCH_USER_PATHS = NO;
				CLANG_ANALYZER_NONNULL = YES;
				CLANG_ANALYZER_NUMBER_OBJECT_CONVERSION = YES_AGGRESSIVE;
				CLANG_CXX_LANGUAGE_STANDARD = "gnu++14";
				CLANG_CXX_LIBRARY = "libc++";
				CLANG_ENABLE_MODULES = YES;
				CLANG_ENABLE_OBJC_ARC = YES;
				CLANG_ENABLE_OBJC_WEAK = YES;
				CLANG_WARN_BLOCK_CAPTURE_AUTORELEASING = YES;
				CLANG_WARN_BOOL_CONVERSION = YES;
				CLANG_WARN_COMMA = YES;
				CLANG_WARN_CONSTANT_CONVERSION = YES;
				CLANG_WARN_DEPRECATED_OBJC_IMPLEMENTATIONS = YES;
				CLANG_WARN_DIRECT_OBJC_ISA_USAGE = YES_ERROR;
				CLANG_WARN_DOCUMENTATION_COMMENTS = YES;
				CLANG_WARN_EMPTY_BODY = YES;
				CLANG_WARN_ENUM_CONVERSION = YES;
				CLANG_WARN_INFINITE_RECURSION = YES;
				CLANG_WARN_INT_CONVERSION = YES;
				CLANG_WARN_NON_LITERAL_NULL_CONVERSION = YES;
				CLANG_WARN_OBJC_IMPLICIT_RETAIN_SELF = YES;
				CLANG_WARN_OBJC_LITERAL_CONVERSION = YES;
				CLANG_WARN_OBJC_ROOT_CLASS = YES_ERROR;
				CLANG_WARN_QUOTED_INCLUDE_IN_FRAMEWORK_HEADER = YES;
				CLANG_WARN_RANGE_LOOP_ANALYSIS = YES;
				CLANG_WARN_STRICT_PROTOTYPES = YES;
				CLANG_WARN_SUSPICIOUS_MOVE = YES;
				CLANG_WARN_UNGUARDED_AVAILABILITY = YES_AGGRESSIVE;
				CLANG_WARN_UNREACHABLE_CODE = YES;
				CLANG_WARN__DUPLICATE_METHOD_MATCH = YES;
				COPY_PHASE_STRIP = NO;
				DEBUG_INFORMATION_FORMAT = dwarf;
				ENABLE_STRICT_OBJC_MSGSEND = YES;
				ENABLE_TESTABILITY = YES;
				GCC_C_LANGUAGE_STANDARD = gnu11;
				GCC_DYNAMIC_NO_PIC = NO;
				GCC_NO_COMMON_BLOCKS = YES;
				GCC_OPTIMIZATION_LEVEL = 0;
				GCC_PREPROCESSOR_DEFINITIONS = (
					"DEBUG=1",
					"$(inherited)",
				);
				GCC_WARN_64_TO_32_BIT_CONVERSION = YES;
				GCC_WARN_ABOUT_RETURN_TYPE = YES_ERROR;
				GCC_WARN_UNDECLARED_SELECTOR = YES;
				GCC_WARN_UNINITIALIZED_AUTOS = YES_AGGRESSIVE;
				GCC_WARN_UNUSED_FUNCTION = YES;
				GCC_WARN_UNUSED_VARIABLE = YES;
				IPHONEOS_DEPLOYMENT_TARGET = 14.5;
				MTL_ENABLE_DEBUG_INFO = INCLUDE_SOURCE;
				MTL_FAST_MATH = YES;
				ONLY_ACTIVE_ARCH = YES;
				SDKROOT = iphoneos;
				SWIFT_ACTIVE_COMPILATION_CONDITIONS = DEBUG;
				SWIFT_OPTIMIZATION_LEVEL = "-Onone";
			};
			name = Debug;
		};
		335EF08927A3136D0035A467 /* Release */ = {
			isa = XCBuildConfiguration;
			buildSettings = {
				ALWAYS_SEARCH_USER_PATHS = NO;
				CLANG_ANALYZER_NONNULL = YES;
				CLANG_ANALYZER_NUMBER_OBJECT_CONVERSION = YES_AGGRESSIVE;
				CLANG_CXX_LANGUAGE_STANDARD = "gnu++14";
				CLANG_CXX_LIBRARY = "libc++";
				CLANG_ENABLE_MODULES = YES;
				CLANG_ENABLE_OBJC_ARC = YES;
				CLANG_ENABLE_OBJC_WEAK = YES;
				CLANG_WARN_BLOCK_CAPTURE_AUTORELEASING = YES;
				CLANG_WARN_BOOL_CONVERSION = YES;
				CLANG_WARN_COMMA = YES;
				CLANG_WARN_CONSTANT_CONVERSION = YES;
				CLANG_WARN_DEPRECATED_OBJC_IMPLEMENTATIONS = YES;
				CLANG_WARN_DIRECT_OBJC_ISA_USAGE = YES_ERROR;
				CLANG_WARN_DOCUMENTATION_COMMENTS = YES;
				CLANG_WARN_EMPTY_BODY = YES;
				CLANG_WARN_ENUM_CONVERSION = YES;
				CLANG_WARN_INFINITE_RECURSION = YES;
				CLANG_WARN_INT_CONVERSION = YES;
				CLANG_WARN_NON_LITERAL_NULL_CONVERSION = YES;
				CLANG_WARN_OBJC_IMPLICIT_RETAIN_SELF = YES;
				CLANG_WARN_OBJC_LITERAL_CONVERSION = YES;
				CLANG_WARN_OBJC_ROOT_CLASS = YES_ERROR;
				CLANG_WARN_QUOTED_INCLUDE_IN_FRAMEWORK_HEADER = YES;
				CLANG_WARN_RANGE_LOOP_ANALYSIS = YES;
				CLANG_WARN_STRICT_PROTOTYPES = YES;
				CLANG_WARN_SUSPICIOUS_MOVE = YES;
				CLANG_WARN_UNGUARDED_AVAILABILITY = YES_AGGRESSIVE;
				CLANG_WARN_UNREACHABLE_CODE = YES;
				CLANG_WARN__DUPLICATE_METHOD_MATCH = YES;
				COPY_PHASE_STRIP = NO;
				DEBUG_INFORMATION_FORMAT = "dwarf-with-dsym";
				ENABLE_NS_ASSERTIONS = NO;
				ENABLE_STRICT_OBJC_MSGSEND = YES;
				GCC_C_LANGUAGE_STANDARD = gnu11;
				GCC_NO_COMMON_BLOCKS = YES;
				GCC_WARN_64_TO_32_BIT_CONVERSION = YES;
				GCC_WARN_ABOUT_RETURN_TYPE = YES_ERROR;
				GCC_WARN_UNDECLARED_SELECTOR = YES;
				GCC_WARN_UNINITIALIZED_AUTOS = YES_AGGRESSIVE;
				GCC_WARN_UNUSED_FUNCTION = YES;
				GCC_WARN_UNUSED_VARIABLE = YES;
				IPHONEOS_DEPLOYMENT_TARGET = 14.5;
				MTL_ENABLE_DEBUG_INFO = NO;
				MTL_FAST_MATH = YES;
				SDKROOT = iphoneos;
				SWIFT_COMPILATION_MODE = wholemodule;
				SWIFT_OPTIMIZATION_LEVEL = "-O";
				VALIDATE_PRODUCT = YES;
			};
			name = Release;
		};
		335EF08B27A3136D0035A467 /* Debug */ = {
			isa = XCBuildConfiguration;
			buildSettings = {
				ASSETCATALOG_COMPILER_APPICON_NAME = AppIcon;
				ASSETCATALOG_COMPILER_GLOBAL_ACCENT_COLOR_NAME = AccentColor;
				CODE_SIGN_STYLE = Automatic;
				INFOPLIST_FILE = CardAppProyect/Info.plist;
				LD_RUNPATH_SEARCH_PATHS = (
					"$(inherited)",
					"@executable_path/Frameworks",
				);
				PRODUCT_BUNDLE_IDENTIFIER = hoppe.CardAppProyect;
				PRODUCT_NAME = "$(TARGET_NAME)";
				SWIFT_VERSION = 5.0;
				TARGETED_DEVICE_FAMILY = 1;
			};
			name = Debug;
		};
		335EF08C27A3136D0035A467 /* Release */ = {
			isa = XCBuildConfiguration;
			buildSettings = {
				ASSETCATALOG_COMPILER_APPICON_NAME = AppIcon;
				ASSETCATALOG_COMPILER_GLOBAL_ACCENT_COLOR_NAME = AccentColor;
				CODE_SIGN_STYLE = Automatic;
				INFOPLIST_FILE = CardAppProyect/Info.plist;
				LD_RUNPATH_SEARCH_PATHS = (
					"$(inherited)",
					"@executable_path/Frameworks",
				);
				PRODUCT_BUNDLE_IDENTIFIER = hoppe.CardAppProyect;
				PRODUCT_NAME = "$(TARGET_NAME)";
				SWIFT_VERSION = 5.0;
				TARGETED_DEVICE_FAMILY = 1;
			};
			name = Release;
		};
/* End XCBuildConfiguration section */

/* Begin XCConfigurationList section */
		335EF07127A3136B0035A467 /* Build configuration list for PBXProject "CardAppProyect" */ = {
			isa = XCConfigurationList;
			buildConfigurations = (
				335EF08827A3136D0035A467 /* Debug */,
				335EF08927A3136D0035A467 /* Release */,
			);
			defaultConfigurationIsVisible = 0;
			defaultConfigurationName = Release;
		};
		335EF08A27A3136D0035A467 /* Build configuration list for PBXNativeTarget "CardAppProyect" */ = {
			isa = XCConfigurationList;
			buildConfigurations = (
				335EF08B27A3136D0035A467 /* Debug */,
				335EF08C27A3136D0035A467 /* Release */,
			);
			defaultConfigurationIsVisible = 0;
			defaultConfigurationName = Release;
		};
/* End XCConfigurationList section */
	};
	rootObject = 335EF06E27A3136B0035A467 /* Project object */;
}
